
Microsoft Visual Studio Solution File, Format Version 12.00
# Visual Studio Version 17
VisualStudioVersion = 17.14.36623.8
MinimumVisualStudioVersion = 10.0.40219.1
Project("{FAE04EC0-301F-11D3-BF4B-00C04F79EFBC}") = "VerificadorCTRLVirtuwall", "VerificadorCTRLVirtuwall3.0\VerificadorCTRLVirtuwall.csproj", "{00AC73C2-6F3A-42FA-93A4-63E1CCA61E08}"
EndProject
Global
	GlobalSection(SolutionConfigurationPlatforms) = preSolution
		Debug|Any CPU = Debug|Any CPU
		Release|Any CPU = Release|Any CPU
	EndGlobalSection
	GlobalSection(ProjectConfigurationPlatforms) = postSolution
		{00AC73C2-6F3A-42FA-93A4-63E1CCA61E08}.Debug|Any CPU.ActiveCfg = Debug|Any CPU
		{00AC73C2-6F3A-42FA-93A4-63E1CCA61E08}.Debug|Any CPU.Build.0 = Debug|Any CPU
		{00AC73C2-6F3A-42FA-93A4-63E1CCA61E08}.Release|Any CPU.ActiveCfg = Release|Any CPU
		{00AC73C2-6F3A-42FA-93A4-63E1CCA61E08}.Release|Any CPU.Build.0 = Release|Any CPU
	EndGlobalSection
	GlobalSection(SolutionProperties) = preSolution
		HideSolutionNode = FALSE
	EndGlobalSection
	GlobalSection(ExtensibilityGlobals) = postSolution
		SolutionGuid = {A85B8786-395B-47AF-BC07-3B13ECD3DCA5}
	EndGlobalSection
EndGlobal
